
Microsoft Visual Studio Solution File, Format Version 12.00
# Visual Studio Version 17
VisualStudioVersion = 17.11.35303.130
MinimumVisualStudioVersion = 10.0.40219.1
Project("{2150E333-8FDC-42A3-9474-1A3956D46DE8}") = "Task0", "Task0", "{EFA4A1AD-6C23-44E4-94CB-1F67C5845213}"
EndProject
Project("{FAE04EC0-301F-11D3-BF4B-00C04F79EFBC}") = "Tyuiu.GrabinaSA.Sprint3.Task0.V12", "Tyuiu.GrabinaSA.Sprint3.Task0.V12\Tyuiu.GrabinaSA.Sprint3.Task0.V12.csproj", "{30CD4C3F-36B9-462E-85C4-481F5E78B0A3}"
EndProject
Project("{FAE04EC0-301F-11D3-BF4B-00C04F79EFBC}") = "Tyuiu.GrabinaSA.Sprint3.Task0.V12.Lib", "Tyuiu.GrabinaSA.Sprint3.Task0.V12.Lib\Tyuiu.GrabinaSA.Sprint3.Task0.V12.Lib.csproj", "{B60F6D33-DD12-453F-B749-E7F85F8E70D8}"
EndProject
Project("{FAE04EC0-301F-11D3-BF4B-00C04F79EFBC}") = "Tyuiu.GrabinaSA.Sprint3.Task0.V12.Test", "Tyuiu.GrabinaSA.Sprint3.Task0.V12.Test\Tyuiu.GrabinaSA.Sprint3.Task0.V12.Test.csproj", "{04745219-8684-4B77-AF08-5A94DD6077BF}"
EndProject
Project("{2150E333-8FDC-42A3-9474-1A3956D46DE8}") = "Task1", "Task1", "{5592B344-89DF-4837-BB71-E5B120BC7A06}"
EndProject
Project("{FAE04EC0-301F-11D3-BF4B-00C04F79EFBC}") = "Tyuiu.GrabinaSA.Sprint3.Task1.V7", "Tyuiu.GrabinaSA.Sprint3.Task1.V7\Tyuiu.GrabinaSA.Sprint3.Task1.V7.csproj", "{4CA67309-27C0-4B62-A807-63468F1FE54A}"
EndProject
Project("{FAE04EC0-301F-11D3-BF4B-00C04F79EFBC}") = "Tyuiu.GrabinaSA.Sprint3.Task1.V7.Lib", "Tyuiu.GrabinaSA.Sprint3.Task1.V7.Lib\Tyuiu.GrabinaSA.Sprint3.Task1.V7.Lib.csproj", "{FB9E011E-8983-4007-A170-38CC4C6DA574}"
EndProject
Project("{FAE04EC0-301F-11D3-BF4B-00C04F79EFBC}") = "Tyuiu.GrabinaSA.Sprint3.Task1.V7.Test", "Tyuiu.GrabinaSA.Sprint3.Task1.V7.Test\Tyuiu.GrabinaSA.Sprint3.Task1.V7.Test.csproj", "{0A3DF11B-A193-4B3F-83CC-E4B9520D363F}"
EndProject
Global
	GlobalSection(SolutionConfigurationPlatforms) = preSolution
		Debug|Any CPU = Debug|Any CPU
		Release|Any CPU = Release|Any CPU
	EndGlobalSection
	GlobalSection(ProjectConfigurationPlatforms) = postSolution
		{30CD4C3F-36B9-462E-85C4-481F5E78B0A3}.Debug|Any CPU.ActiveCfg = Debug|Any CPU
		{30CD4C3F-36B9-462E-85C4-481F5E78B0A3}.Debug|Any CPU.Build.0 = Debug|Any CPU
		{30CD4C3F-36B9-462E-85C4-481F5E78B0A3}.Release|Any CPU.ActiveCfg = Release|Any CPU
		{30CD4C3F-36B9-462E-85C4-481F5E78B0A3}.Release|Any CPU.Build.0 = Release|Any CPU
		{B60F6D33-DD12-453F-B749-E7F85F8E70D8}.Debug|Any CPU.ActiveCfg = Debug|Any CPU
		{B60F6D33-DD12-453F-B749-E7F85F8E70D8}.Debug|Any CPU.Build.0 = Debug|Any CPU
		{B60F6D33-DD12-453F-B749-E7F85F8E70D8}.Release|Any CPU.ActiveCfg = Release|Any CPU
		{B60F6D33-DD12-453F-B749-E7F85F8E70D8}.Release|Any CPU.Build.0 = Release|Any CPU
		{04745219-8684-4B77-AF08-5A94DD6077BF}.Debug|Any CPU.ActiveCfg = Debug|Any CPU
		{04745219-8684-4B77-AF08-5A94DD6077BF}.Debug|Any CPU.Build.0 = Debug|Any CPU
		{04745219-8684-4B77-AF08-5A94DD6077BF}.Release|Any CPU.ActiveCfg = Release|Any CPU
		{04745219-8684-4B77-AF08-5A94DD6077BF}.Release|Any CPU.Build.0 = Release|Any CPU
		{4CA67309-27C0-4B62-A807-63468F1FE54A}.Debug|Any CPU.ActiveCfg = Debug|Any CPU
		{4CA67309-27C0-4B62-A807-63468F1FE54A}.Debug|Any CPU.Build.0 = Debug|Any CPU
		{4CA67309-27C0-4B62-A807-63468F1FE54A}.Release|Any CPU.ActiveCfg = Release|Any CPU
		{4CA67309-27C0-4B62-A807-63468F1FE54A}.Release|Any CPU.Build.0 = Release|Any CPU
		{FB9E011E-8983-4007-A170-38CC4C6DA574}.Debug|Any CPU.ActiveCfg = Debug|Any CPU
		{FB9E011E-8983-4007-A170-38CC4C6DA574}.Debug|Any CPU.Build.0 = Debug|Any CPU
		{FB9E011E-8983-4007-A170-38CC4C6DA574}.Release|Any CPU.ActiveCfg = Release|Any CPU
		{FB9E011E-8983-4007-A170-38CC4C6DA574}.Release|Any CPU.Build.0 = Release|Any CPU
		{0A3DF11B-A193-4B3F-83CC-E4B9520D363F}.Debug|Any CPU.ActiveCfg = Debug|Any CPU
		{0A3DF11B-A193-4B3F-83CC-E4B9520D363F}.Debug|Any CPU.Build.0 = Debug|Any CPU
		{0A3DF11B-A193-4B3F-83CC-E4B9520D363F}.Release|Any CPU.ActiveCfg = Release|Any CPU
		{0A3DF11B-A193-4B3F-83CC-E4B9520D363F}.Release|Any CPU.Build.0 = Release|Any CPU
	EndGlobalSection
	GlobalSection(SolutionProperties) = preSolution
		HideSolutionNode = FALSE
	EndGlobalSection
	GlobalSection(NestedProjects) = preSolution
		{30CD4C3F-36B9-462E-85C4-481F5E78B0A3} = {EFA4A1AD-6C23-44E4-94CB-1F67C5845213}
		{B60F6D33-DD12-453F-B749-E7F85F8E70D8} = {EFA4A1AD-6C23-44E4-94CB-1F67C5845213}
		{04745219-8684-4B77-AF08-5A94DD6077BF} = {EFA4A1AD-6C23-44E4-94CB-1F67C5845213}
		{4CA67309-27C0-4B62-A807-63468F1FE54A} = {5592B344-89DF-4837-BB71-E5B120BC7A06}
		{FB9E011E-8983-4007-A170-38CC4C6DA574} = {5592B344-89DF-4837-BB71-E5B120BC7A06}
		{0A3DF11B-A193-4B3F-83CC-E4B9520D363F} = {5592B344-89DF-4837-BB71-E5B120BC7A06}
	EndGlobalSection
	GlobalSection(ExtensibilityGlobals) = postSolution
		SolutionGuid = {A016E3BE-1D9F-46EE-B6C0-E32C43547C95}
	EndGlobalSection
EndGlobal
